
Microsoft Visual Studio Solution File, Format Version 10.00
# Visual Studio 2008
Project("{8BC9CEB8-8B4A-11D0-8D11-00A0C91BC942}") = "mysql-proxy", "mysql-proxy\mysql-proxy.vcproj", "{708B0744-3356-4600-8430-7409DE966247}"
	ProjectSection(ProjectDependencies) = postProject
		{0692472A-8A33-4EDE-8C12-EF489A449DB6} = {0692472A-8A33-4EDE-8C12-EF489A449DB6}
		{0524C570-BBCA-4361-93DE-E78425277A97} = {0524C570-BBCA-4361-93DE-E78425277A97}
		{82FB31B2-160C-4D8E-9DF8-22B3A2B5CE8D} = {82FB31B2-160C-4D8E-9DF8-22B3A2B5CE8D}
		{3008F5C5-5268-4902-B166-00CE9871C98E} = {3008F5C5-5268-4902-B166-00CE9871C98E}
	EndProjectSection
EndProject
Project("{8BC9CEB8-8B4A-11D0-8D11-00A0C91BC942}") = "lua-mysql", "lua-mysql\lua-mysql.vcproj", "{631FC31D-9E94-4959-B87F-7DF57E898A75}"
	ProjectSection(ProjectDependencies) = postProject
		{BE7A9E42-8853-4FD9-AFD8-E8E2CC42EA14} = {BE7A9E42-8853-4FD9-AFD8-E8E2CC42EA14}
		{0293BB88-F85E-4724-824F-4DB22F36A1FF} = {0293BB88-F85E-4724-824F-4DB22F36A1FF}
		{82FB31B2-160C-4D8E-9DF8-22B3A2B5CE8D} = {82FB31B2-160C-4D8E-9DF8-22B3A2B5CE8D}
		{3008F5C5-5268-4902-B166-00CE9871C98E} = {3008F5C5-5268-4902-B166-00CE9871C98E}
	EndProjectSection
EndProject
Project("{8BC9CEB8-8B4A-11D0-8D11-00A0C91BC942}") = "lua-lpeg", "lua-lpeg\lua-lpeg.vcproj", "{EFE73CE4-9C47-492E-812E-79F92A8524C3}"
EndProject
Project("{8BC9CEB8-8B4A-11D0-8D11-00A0C91BC942}") = "lua-lfs", "lua-lfs\lua-lfs.vcproj", "{493148D8-6FD0-4F51-855C-1B2050AA5C3A}"
EndProject
Project("{8BC9CEB8-8B4A-11D0-8D11-00A0C91BC942}") = "lua-glib2", "lua-glib2\lua-glib2.vcproj", "{BE5F7698-0EA1-435C-899C-FEFDD2352681}"
EndProject
Project("{8BC9CEB8-8B4A-11D0-8D11-00A0C91BC942}") = "lua-chassis", "lua-chassis\lua-chassis.vcproj", "{B3FF549B-2E2B-4181-9D39-0D5465B0DC97}"
	ProjectSection(ProjectDependencies) = postProject
		{BE7A9E42-8853-4FD9-AFD8-E8E2CC42EA14} = {BE7A9E42-8853-4FD9-AFD8-E8E2CC42EA14}
		{0293BB88-F85E-4724-824F-4DB22F36A1FF} = {0293BB88-F85E-4724-824F-4DB22F36A1FF}
		{3008F5C5-5268-4902-B166-00CE9871C98E} = {3008F5C5-5268-4902-B166-00CE9871C98E}
	EndProjectSection
EndProject
Project("{8BC9CEB8-8B4A-11D0-8D11-00A0C91BC942}") = "plugin-replicant", "plugin-replicant\plugin-replicant.vcproj", "{294723BC-E487-4413-91E2-642A696CEBEF}"
	ProjectSection(ProjectDependencies) = postProject
		{BE7A9E42-8853-4FD9-AFD8-E8E2CC42EA14} = {BE7A9E42-8853-4FD9-AFD8-E8E2CC42EA14}
		{0293BB88-F85E-4724-824F-4DB22F36A1FF} = {0293BB88-F85E-4724-824F-4DB22F36A1FF}
		{82FB31B2-160C-4D8E-9DF8-22B3A2B5CE8D} = {82FB31B2-160C-4D8E-9DF8-22B3A2B5CE8D}
		{3008F5C5-5268-4902-B166-00CE9871C98E} = {3008F5C5-5268-4902-B166-00CE9871C98E}
	EndProjectSection
EndProject
Project("{8BC9CEB8-8B4A-11D0-8D11-00A0C91BC942}") = "plugin-proxy", "plugin-proxy\plugin-proxy.vcproj", "{0524C570-BBCA-4361-93DE-E78425277A97}"
	ProjectSection(ProjectDependencies) = postProject
		{BE7A9E42-8853-4FD9-AFD8-E8E2CC42EA14} = {BE7A9E42-8853-4FD9-AFD8-E8E2CC42EA14}
		{0293BB88-F85E-4724-824F-4DB22F36A1FF} = {0293BB88-F85E-4724-824F-4DB22F36A1FF}
		{82FB31B2-160C-4D8E-9DF8-22B3A2B5CE8D} = {82FB31B2-160C-4D8E-9DF8-22B3A2B5CE8D}
		{3008F5C5-5268-4902-B166-00CE9871C98E} = {3008F5C5-5268-4902-B166-00CE9871C98E}
	EndProjectSection
EndProject
Project("{8BC9CEB8-8B4A-11D0-8D11-00A0C91BC942}") = "plugin-debug", "plugin-debug\plugin-debug.vcproj", "{E588B530-A188-4FC1-8A4F-D6C08AFD19A4}"
	ProjectSection(ProjectDependencies) = postProject
		{BE7A9E42-8853-4FD9-AFD8-E8E2CC42EA14} = {BE7A9E42-8853-4FD9-AFD8-E8E2CC42EA14}
		{0293BB88-F85E-4724-824F-4DB22F36A1FF} = {0293BB88-F85E-4724-824F-4DB22F36A1FF}
		{82FB31B2-160C-4D8E-9DF8-22B3A2B5CE8D} = {82FB31B2-160C-4D8E-9DF8-22B3A2B5CE8D}
		{3008F5C5-5268-4902-B166-00CE9871C98E} = {3008F5C5-5268-4902-B166-00CE9871C98E}
	EndProjectSection
EndProject
Project("{8BC9CEB8-8B4A-11D0-8D11-00A0C91BC942}") = "plugin-admin", "plugin-admin\plugin-admin.vcproj", "{0692472A-8A33-4EDE-8C12-EF489A449DB6}"
	ProjectSection(ProjectDependencies) = postProject
		{BE7A9E42-8853-4FD9-AFD8-E8E2CC42EA14} = {BE7A9E42-8853-4FD9-AFD8-E8E2CC42EA14}
		{0293BB88-F85E-4724-824F-4DB22F36A1FF} = {0293BB88-F85E-4724-824F-4DB22F36A1FF}
		{82FB31B2-160C-4D8E-9DF8-22B3A2B5CE8D} = {82FB31B2-160C-4D8E-9DF8-22B3A2B5CE8D}
		{3008F5C5-5268-4902-B166-00CE9871C98E} = {3008F5C5-5268-4902-B166-00CE9871C98E}
	EndProjectSection
EndProject
Project("{8BC9CEB8-8B4A-11D0-8D11-00A0C91BC942}") = "mysql-chassis", "mysql-chassis\mysql-chassis.vcproj", "{3008F5C5-5268-4902-B166-00CE9871C98E}"
	ProjectSection(ProjectDependencies) = postProject
		{BE7A9E42-8853-4FD9-AFD8-E8E2CC42EA14} = {BE7A9E42-8853-4FD9-AFD8-E8E2CC42EA14}
		{0293BB88-F85E-4724-824F-4DB22F36A1FF} = {0293BB88-F85E-4724-824F-4DB22F36A1FF}
	EndProjectSection
EndProject
Project("{8BC9CEB8-8B4A-11D0-8D11-00A0C91BC942}") = "mysql-chassis-proxy", "mysql-chassis-proxy\mysql-chassis-proxy.vcproj", "{82FB31B2-160C-4D8E-9DF8-22B3A2B5CE8D}"
	ProjectSection(ProjectDependencies) = postProject
		{BE7A9E42-8853-4FD9-AFD8-E8E2CC42EA14} = {BE7A9E42-8853-4FD9-AFD8-E8E2CC42EA14}
		{0293BB88-F85E-4724-824F-4DB22F36A1FF} = {0293BB88-F85E-4724-824F-4DB22F36A1FF}
		{3008F5C5-5268-4902-B166-00CE9871C98E} = {3008F5C5-5268-4902-B166-00CE9871C98E}
	EndProjectSection
EndProject
Project("{8BC9CEB8-8B4A-11D0-8D11-00A0C91BC942}") = "mysql-chassis-timing", "mysql-chassis-timing\mysql-chassis-timing.vcproj", "{BE7A9E42-8853-4FD9-AFD8-E8E2CC42EA14}"
	ProjectSection(ProjectDependencies) = postProject
		{0293BB88-F85E-4724-824F-4DB22F36A1FF} = {0293BB88-F85E-4724-824F-4DB22F36A1FF}
	EndProjectSection
EndProject
Project("{8BC9CEB8-8B4A-11D0-8D11-00A0C91BC942}") = "mysql-chassis-glibext", "mysql-chassis-glibext\mysql-chassis-glibext.vcproj", "{0293BB88-F85E-4724-824F-4DB22F36A1FF}"
EndProject
Global
	GlobalSection(SolutionConfigurationPlatforms) = preSolution
		Debug|Win32 = Debug|Win32
		Release|Win32 = Release|Win32
	EndGlobalSection
	GlobalSection(ProjectConfigurationPlatforms) = postSolution
		{708B0744-3356-4600-8430-7409DE966247}.Debug|Win32.ActiveCfg = Debug|Win32
		{708B0744-3356-4600-8430-7409DE966247}.Debug|Win32.Build.0 = Debug|Win32
		{708B0744-3356-4600-8430-7409DE966247}.Release|Win32.ActiveCfg = Release|Win32
		{708B0744-3356-4600-8430-7409DE966247}.Release|Win32.Build.0 = Release|Win32
		{631FC31D-9E94-4959-B87F-7DF57E898A75}.Debug|Win32.ActiveCfg = Debug|Win32
		{631FC31D-9E94-4959-B87F-7DF57E898A75}.Debug|Win32.Build.0 = Debug|Win32
		{631FC31D-9E94-4959-B87F-7DF57E898A75}.Release|Win32.ActiveCfg = Release|Win32
		{631FC31D-9E94-4959-B87F-7DF57E898A75}.Release|Win32.Build.0 = Release|Win32
		{EFE73CE4-9C47-492E-812E-79F92A8524C3}.Debug|Win32.ActiveCfg = Debug|Win32
		{EFE73CE4-9C47-492E-812E-79F92A8524C3}.Debug|Win32.Build.0 = Debug|Win32
		{EFE73CE4-9C47-492E-812E-79F92A8524C3}.Release|Win32.ActiveCfg = Release|Win32
		{EFE73CE4-9C47-492E-812E-79F92A8524C3}.Release|Win32.Build.0 = Release|Win32
		{493148D8-6FD0-4F51-855C-1B2050AA5C3A}.Debug|Win32.ActiveCfg = Debug|Win32
		{493148D8-6FD0-4F51-855C-1B2050AA5C3A}.Debug|Win32.Build.0 = Debug|Win32
		{493148D8-6FD0-4F51-855C-1B2050AA5C3A}.Release|Win32.ActiveCfg = Release|Win32
		{493148D8-6FD0-4F51-855C-1B2050AA5C3A}.Release|Win32.Build.0 = Release|Win32
		{BE5F7698-0EA1-435C-899C-FEFDD2352681}.Debug|Win32.ActiveCfg = Debug|Win32
		{BE5F7698-0EA1-435C-899C-FEFDD2352681}.Debug|Win32.Build.0 = Debug|Win32
		{BE5F7698-0EA1-435C-899C-FEFDD2352681}.Release|Win32.ActiveCfg = Release|Win32
		{BE5F7698-0EA1-435C-899C-FEFDD2352681}.Release|Win32.Build.0 = Release|Win32
		{B3FF549B-2E2B-4181-9D39-0D5465B0DC97}.Debug|Win32.ActiveCfg = Debug|Win32
		{B3FF549B-2E2B-4181-9D39-0D5465B0DC97}.Debug|Win32.Build.0 = Debug|Win32
		{B3FF549B-2E2B-4181-9D39-0D5465B0DC97}.Release|Win32.ActiveCfg = Release|Win32
		{B3FF549B-2E2B-4181-9D39-0D5465B0DC97}.Release|Win32.Build.0 = Release|Win32
		{294723BC-E487-4413-91E2-642A696CEBEF}.Debug|Win32.ActiveCfg = Debug|Win32
		{294723BC-E487-4413-91E2-642A696CEBEF}.Debug|Win32.Build.0 = Debug|Win32
		{294723BC-E487-4413-91E2-642A696CEBEF}.Release|Win32.ActiveCfg = Release|Win32
		{294723BC-E487-4413-91E2-642A696CEBEF}.Release|Win32.Build.0 = Release|Win32
		{0524C570-BBCA-4361-93DE-E78425277A97}.Debug|Win32.ActiveCfg = Debug|Win32
		{0524C570-BBCA-4361-93DE-E78425277A97}.Debug|Win32.Build.0 = Debug|Win32
		{0524C570-BBCA-4361-93DE-E78425277A97}.Release|Win32.ActiveCfg = Release|Win32
		{0524C570-BBCA-4361-93DE-E78425277A97}.Release|Win32.Build.0 = Release|Win32
		{E588B530-A188-4FC1-8A4F-D6C08AFD19A4}.Debug|Win32.ActiveCfg = Debug|Win32
		{E588B530-A188-4FC1-8A4F-D6C08AFD19A4}.Debug|Win32.Build.0 = Debug|Win32
		{E588B530-A188-4FC1-8A4F-D6C08AFD19A4}.Release|Win32.ActiveCfg = Release|Win32
		{E588B530-A188-4FC1-8A4F-D6C08AFD19A4}.Release|Win32.Build.0 = Release|Win32
		{0692472A-8A33-4EDE-8C12-EF489A449DB6}.Debug|Win32.ActiveCfg = Debug|Win32
		{0692472A-8A33-4EDE-8C12-EF489A449DB6}.Debug|Win32.Build.0 = Debug|Win32
		{0692472A-8A33-4EDE-8C12-EF489A449DB6}.Release|Win32.ActiveCfg = Release|Win32
		{0692472A-8A33-4EDE-8C12-EF489A449DB6}.Release|Win32.Build.0 = Release|Win32
		{3008F5C5-5268-4902-B166-00CE9871C98E}.Debug|Win32.ActiveCfg = Debug|Win32
		{3008F5C5-5268-4902-B166-00CE9871C98E}.Debug|Win32.Build.0 = Debug|Win32
		{3008F5C5-5268-4902-B166-00CE9871C98E}.Release|Win32.ActiveCfg = Release|Win32
		{3008F5C5-5268-4902-B166-00CE9871C98E}.Release|Win32.Build.0 = Release|Win32
		{82FB31B2-160C-4D8E-9DF8-22B3A2B5CE8D}.Debug|Win32.ActiveCfg = Debug|Win32
		{82FB31B2-160C-4D8E-9DF8-22B3A2B5CE8D}.Debug|Win32.Build.0 = Debug|Win32
		{82FB31B2-160C-4D8E-9DF8-22B3A2B5CE8D}.Release|Win32.ActiveCfg = Release|Win32
		{82FB31B2-160C-4D8E-9DF8-22B3A2B5CE8D}.Release|Win32.Build.0 = Release|Win32
		{BE7A9E42-8853-4FD9-AFD8-E8E2CC42EA14}.Debug|Win32.ActiveCfg = Debug|Win32
		{BE7A9E42-8853-4FD9-AFD8-E8E2CC42EA14}.Debug|Win32.Build.0 = Debug|Win32
		{BE7A9E42-8853-4FD9-AFD8-E8E2CC42EA14}.Release|Win32.ActiveCfg = Release|Win32
		{BE7A9E42-8853-4FD9-AFD8-E8E2CC42EA14}.Release|Win32.Build.0 = Release|Win32
		{0293BB88-F85E-4724-824F-4DB22F36A1FF}.Debug|Win32.ActiveCfg = Debug|Win32
		{0293BB88-F85E-4724-824F-4DB22F36A1FF}.Debug|Win32.Build.0 = Debug|Win32
		{0293BB88-F85E-4724-824F-4DB22F36A1FF}.Release|Win32.ActiveCfg = Release|Win32
		{0293BB88-F85E-4724-824F-4DB22F36A1FF}.Release|Win32.Build.0 = Release|Win32
	EndGlobalSection
	GlobalSection(SolutionProperties) = preSolution
		HideSolutionNode = FALSE
	EndGlobalSection
EndGlobal
